
Microsoft Visual Studio Solution File, Format Version 12.00
# Visual Studio Version 16
VisualStudioVersion = 16.0.30225.117
MinimumVisualStudioVersion = 10.0.40219.1
Project("{FAE04EC0-301F-11D3-BF4B-00C04F79EFBC}") = "Magic8Ball", "Magic8Ball\Magic8Ball.csproj", "{694CFA9B-2231-4A72-8714-FEF14D53CAAA}"
EndProject
Global
	GlobalSection(SolutionConfigurationPlatforms) = preSolution
		Debug|Any CPU = Debug|Any CPU
		Release|Any CPU = Release|Any CPU
	EndGlobalSection
	GlobalSection(ProjectConfigurationPlatforms) = postSolution
		{694CFA9B-2231-4A72-8714-FEF14D53CAAA}.Debug|Any CPU.ActiveCfg = Debug|Any CPU
		{694CFA9B-2231-4A72-8714-FEF14D53CAAA}.Debug|Any CPU.Build.0 = Debug|Any CPU
		{694CFA9B-2231-4A72-8714-FEF14D53CAAA}.Release|Any CPU.ActiveCfg = Release|Any CPU
		{694CFA9B-2231-4A72-8714-FEF14D53CAAA}.Release|Any CPU.Build.0 = Release|Any CPU
	EndGlobalSection
	GlobalSection(SolutionProperties) = preSolution
		HideSolutionNode = FALSE
	EndGlobalSection
	GlobalSection(ExtensibilityGlobals) = postSolution
		SolutionGuid = {0530B28B-62D0-42AD-AB85-2E10F32BF91B}
	EndGlobalSection
EndGlobal
